
Microsoft Visual Studio Solution File, Format Version 12.00
# Visual Studio 15
VisualStudioVersion = 15.0.28010.2019
MinimumVisualStudioVersion = 10.0.40219.1
Project("{FAE04EC0-301F-11D3-BF4B-00C04F79EFBC}") = "Rezystor App", "Rezystor App\Rezystor App.csproj", "{A2C5285E-EF51-47D0-B691-71E0410E039C}"
EndProject
Global
	GlobalSection(SolutionConfigurationPlatforms) = preSolution
		Debug|Any CPU = Debug|Any CPU
		Release|Any CPU = Release|Any CPU
	EndGlobalSection
	GlobalSection(ProjectConfigurationPlatforms) = postSolution
		{A2C5285E-EF51-47D0-B691-71E0410E039C}.Debug|Any CPU.ActiveCfg = Debug|Any CPU
		{A2C5285E-EF51-47D0-B691-71E0410E039C}.Debug|Any CPU.Build.0 = Debug|Any CPU
		{A2C5285E-EF51-47D0-B691-71E0410E039C}.Release|Any CPU.ActiveCfg = Release|Any CPU
		{A2C5285E-EF51-47D0-B691-71E0410E039C}.Release|Any CPU.Build.0 = Release|Any CPU
	EndGlobalSection
	GlobalSection(SolutionProperties) = preSolution
		HideSolutionNode = FALSE
	EndGlobalSection
	GlobalSection(ExtensibilityGlobals) = postSolution
		SolutionGuid = {6FA5518C-D9A1-4605-BB39-685BBBD4A591}
	EndGlobalSection
EndGlobal
